
Microsoft Visual Studio Solution File, Format Version 12.00
# Visual Studio Version 17
VisualStudioVersion = 17.13.35931.197 d17.13
MinimumVisualStudioVersion = 10.0.40219.1
Project("{FAE04EC0-301F-11D3-BF4B-00C04F79EFBC}") = "ConsoleApp8", "ConsoleApp8\ConsoleApp8.csproj", "{9EE887B6-A3C7-4E59-8B8F-68C6F34CF5EE}"
EndProject
Project("{2150E333-8FDC-42A3-9474-1A3956D46DE8}") = "Elementos de la solución", "Elementos de la solución", "{D107F4C8-89CC-BEA8-D3D7-CA6B7733353D}"
	ProjectSection(SolutionItems) = preProject
		Class1.cs = Class1.cs
	EndProjectSection
EndProject
Global
	GlobalSection(SolutionConfigurationPlatforms) = preSolution
		Debug|Any CPU = Debug|Any CPU
		Release|Any CPU = Release|Any CPU
	EndGlobalSection
	GlobalSection(ProjectConfigurationPlatforms) = postSolution
		{9EE887B6-A3C7-4E59-8B8F-68C6F34CF5EE}.Debug|Any CPU.ActiveCfg = Debug|Any CPU
		{9EE887B6-A3C7-4E59-8B8F-68C6F34CF5EE}.Debug|Any CPU.Build.0 = Debug|Any CPU
		{9EE887B6-A3C7-4E59-8B8F-68C6F34CF5EE}.Release|Any CPU.ActiveCfg = Release|Any CPU
		{9EE887B6-A3C7-4E59-8B8F-68C6F34CF5EE}.Release|Any CPU.Build.0 = Release|Any CPU
	EndGlobalSection
	GlobalSection(SolutionProperties) = preSolution
		HideSolutionNode = FALSE
	EndGlobalSection
	GlobalSection(ExtensibilityGlobals) = postSolution
		SolutionGuid = {042BF1A0-640D-4AD2-8B33-5946F78DFF73}
	EndGlobalSection
EndGlobal
