
Microsoft Visual Studio Solution File, Format Version 12.00
# Visual Studio Version 17
VisualStudioVersion = 17.13.35931.197 d17.13
MinimumVisualStudioVersion = 10.0.40219.1
Project("{FAE04EC0-301F-11D3-BF4B-00C04F79EFBC}") = "ConsoleApp1", "ConsoleApp1\ConsoleApp1.csproj", "{3CA902FE-3621-4995-90E2-78FD7DE3D5F3}"
EndProject
Global
	GlobalSection(SolutionConfigurationPlatforms) = preSolution
		Debug|Any CPU = Debug|Any CPU
		Release|Any CPU = Release|Any CPU
	EndGlobalSection
	GlobalSection(ProjectConfigurationPlatforms) = postSolution
		{3CA902FE-3621-4995-90E2-78FD7DE3D5F3}.Debug|Any CPU.ActiveCfg = Debug|Any CPU
		{3CA902FE-3621-4995-90E2-78FD7DE3D5F3}.Debug|Any CPU.Build.0 = Debug|Any CPU
		{3CA902FE-3621-4995-90E2-78FD7DE3D5F3}.Release|Any CPU.ActiveCfg = Release|Any CPU
		{3CA902FE-3621-4995-90E2-78FD7DE3D5F3}.Release|Any CPU.Build.0 = Release|Any CPU
	EndGlobalSection
	GlobalSection(SolutionProperties) = preSolution
		HideSolutionNode = FALSE
	EndGlobalSection
	GlobalSection(ExtensibilityGlobals) = postSolution
		SolutionGuid = {94238C8E-629D-4E0B-ACDC-7D86050D6F41}
	EndGlobalSection
EndGlobal
