
Microsoft Visual Studio Solution File, Format Version 12.00
# Visual Studio Version 17
VisualStudioVersion = 17.13.35931.197 d17.13
MinimumVisualStudioVersion = 10.0.40219.1
Project("{FAE04EC0-301F-11D3-BF4B-00C04F79EFBC}") = "ConsoleApp5", "ConsoleApp5\ConsoleApp5.csproj", "{692FEB03-64C9-49AD-B76E-CDDF5B207B0D}"
EndProject
Global
	GlobalSection(SolutionConfigurationPlatforms) = preSolution
		Debug|Any CPU = Debug|Any CPU
		Release|Any CPU = Release|Any CPU
	EndGlobalSection
	GlobalSection(ProjectConfigurationPlatforms) = postSolution
		{692FEB03-64C9-49AD-B76E-CDDF5B207B0D}.Debug|Any CPU.ActiveCfg = Debug|Any CPU
		{692FEB03-64C9-49AD-B76E-CDDF5B207B0D}.Debug|Any CPU.Build.0 = Debug|Any CPU
		{692FEB03-64C9-49AD-B76E-CDDF5B207B0D}.Release|Any CPU.ActiveCfg = Release|Any CPU
		{692FEB03-64C9-49AD-B76E-CDDF5B207B0D}.Release|Any CPU.Build.0 = Release|Any CPU
	EndGlobalSection
	GlobalSection(SolutionProperties) = preSolution
		HideSolutionNode = FALSE
	EndGlobalSection
	GlobalSection(ExtensibilityGlobals) = postSolution
		SolutionGuid = {BDBD5228-710F-43C1-A4E2-E238FF59B47B}
	EndGlobalSection
EndGlobal
